// !$*UTF8*$!
{
	archiveVersion = 1;
	classes = {
	};
	objectVersion = 46;
	objects = {

/* Begin PBXAggregateTarget section */
		D6C22C11187F9FDC008014C7 /* GenDocumentation */ = {
			isa = PBXAggregateTarget;
			buildConfigurationList = D6C22C14187F9FDC008014C7 /* Build configuration list for PBXAggregateTarget "GenDocumentation" */;
			buildPhases = (
				D6C22C15187F9FEA008014C7 /* ShellScript */,
			);
			dependencies = (
			);
			name = GenDocumentation;
			productName = GenDocumentation;
		};
/* End PBXAggregateTarget section */

/* Begin PBXBuildFile section */
		D6C7AA1B186F5DC500C72A52 /* Foundation.framework in Frameworks */ = {isa = PBXBuildFile; fileRef = D6C7AA1A186F5DC500C72A52 /* Foundation.framework */; };
		D6C7AA29186F5DC500C72A52 /* XCTest.framework in Frameworks */ = {isa = PBXBuildFile; fileRef = D6C7AA28186F5DC500C72A52 /* XCTest.framework */; };
		D6C7AA2A186F5DC500C72A52 /* Foundation.framework in Frameworks */ = {isa = PBXBuildFile; fileRef = D6C7AA1A186F5DC500C72A52 /* Foundation.framework */; };
		D6C7AA2C186F5DC500C72A52 /* UIKit.framework in Frameworks */ = {isa = PBXBuildFile; fileRef = D6C7AA2B186F5DC500C72A52 /* UIKit.framework */; };
		D6C7AA2F186F5DC500C72A52 /* libOCAEditableCollectionViewFlowLayout.a in Frameworks */ = {isa = PBXBuildFile; fileRef = D6C7AA17186F5DC500C72A52 /* libOCAEditableCollectionViewFlowLayout.a */; };
		D6C7AA35186F5DC500C72A52 /* InfoPlist.strings in Resources */ = {isa = PBXBuildFile; fileRef = D6C7AA33186F5DC500C72A52 /* InfoPlist.strings */; };
		D6C7AA37186F5DC500C72A52 /* OCAEditableCollectionViewFlowLayoutTests.m in Sources */ = {isa = PBXBuildFile; fileRef = D6C7AA36186F5DC500C72A52 /* OCAEditableCollectionViewFlowLayoutTests.m */; };
		D6C7AA4E187096F200C72A52 /* OCACollectionViewFlowLayoutCell.h in Headers */ = {isa = PBXBuildFile; fileRef = D6C7AA48187096F200C72A52 /* OCACollectionViewFlowLayoutCell.h */; settings = {ATTRIBUTES = (Public, ); }; };
		D6C7AA4F187096F200C72A52 /* OCACollectionViewFlowLayoutCell.m in Sources */ = {isa = PBXBuildFile; fileRef = D6C7AA49187096F200C72A52 /* OCACollectionViewFlowLayoutCell.m */; };
		D6C7AA50187096F200C72A52 /* OCACollectionViewFlowLayoutCell.m in Sources */ = {isa = PBXBuildFile; fileRef = D6C7AA49187096F200C72A52 /* OCACollectionViewFlowLayoutCell.m */; };
		D6C7AA51187096F200C72A52 /* OCAEditableCollectionViewFlowLayout.h in Headers */ = {isa = PBXBuildFile; fileRef = D6C7AA4A187096F200C72A52 /* OCAEditableCollectionViewFlowLayout.h */; settings = {ATTRIBUTES = (Public, ); }; };
		D6C7AA52187096F200C72A52 /* OCAEditableCollectionViewFlowLayout.m in Sources */ = {isa = PBXBuildFile; fileRef = D6C7AA4B187096F200C72A52 /* OCAEditableCollectionViewFlowLayout.m */; };
		D6C7AA53187096F200C72A52 /* OCAEditableCollectionViewFlowLayout.m in Sources */ = {isa = PBXBuildFile; fileRef = D6C7AA4B187096F200C72A52 /* OCAEditableCollectionViewFlowLayout.m */; };
		D6C7AA54187096F200C72A52 /* OCAEditableLayoutAttributes.h in Headers */ = {isa = PBXBuildFile; fileRef = D6C7AA4C187096F200C72A52 /* OCAEditableLayoutAttributes.h */; };
		D6C7AA55187096F200C72A52 /* OCAEditableLayoutAttributes.m in Sources */ = {isa = PBXBuildFile; fileRef = D6C7AA4D187096F200C72A52 /* OCAEditableLayoutAttributes.m */; };
		D6C7AA56187096F200C72A52 /* OCAEditableLayoutAttributes.m in Sources */ = {isa = PBXBuildFile; fileRef = D6C7AA4D187096F200C72A52 /* OCAEditableLayoutAttributes.m */; };
		D6C7AA591870971800C72A52 /* OCADebug.h in Headers */ = {isa = PBXBuildFile; fileRef = D6C7AA571870971800C72A52 /* OCADebug.h */; settings = {ATTRIBUTES = (Private, ); }; };
/* End PBXBuildFile section */

/* Begin PBXContainerItemProxy section */
		D6C7AA2D186F5DC500C72A52 /* PBXContainerItemProxy */ = {
			isa = PBXContainerItemProxy;
			containerPortal = D6C7AA0F186F5DC500C72A52 /* Project object */;
			proxyType = 1;
			remoteGlobalIDString = D6C7AA16186F5DC500C72A52;
			remoteInfo = OCAEditableCollectionViewFlowLayout;
		};
/* End PBXContainerItemProxy section */

/* Begin PBXFileReference section */
		D6988A001883182100DEC402 /* OCACollectionViewFlowLayoutCell.html */ = {isa = PBXFileReference; fileEncoding = 4; lastKnownFileType = text.html.documentation; path = OCACollectionViewFlowLayoutCell.html; sourceTree = "<group>"; };
		D6988A011883182100DEC402 /* OCAEditableCollectionViewFlowLayout.html */ = {isa = PBXFileReference; fileEncoding = 4; lastKnownFileType = text.html.documentation; path = OCAEditableCollectionViewFlowLayout.html; sourceTree = "<group>"; };
		D6988A021883182100DEC402 /* OCAEditableLayoutAttributes.html */ = {isa = PBXFileReference; fileEncoding = 4; lastKnownFileType = text.html.documentation; path = OCAEditableLayoutAttributes.html; sourceTree = "<group>"; };
		D6988A041883182100DEC402 /* styles.css */ = {isa = PBXFileReference; fileEncoding = 4; lastKnownFileType = text.css; path = styles.css; sourceTree = "<group>"; };
		D6988A051883182100DEC402 /* stylesPrint.css */ = {isa = PBXFileReference; fileEncoding = 4; lastKnownFileType = text.css; path = stylesPrint.css; sourceTree = "<group>"; };
		D6988A061883182100DEC402 /* hierarchy.html */ = {isa = PBXFileReference; fileEncoding = 4; lastKnownFileType = text.html.documentation; path = hierarchy.html; sourceTree = "<group>"; };
		D6988A081883182100DEC402 /* button_bar_background.png */ = {isa = PBXFileReference; lastKnownFileType = image.png; path = button_bar_background.png; sourceTree = "<group>"; };
		D6988A091883182100DEC402 /* disclosure.png */ = {isa = PBXFileReference; lastKnownFileType = image.png; path = disclosure.png; sourceTree = "<group>"; };
		D6988A0A1883182100DEC402 /* disclosure_open.png */ = {isa = PBXFileReference; lastKnownFileType = image.png; path = disclosure_open.png; sourceTree = "<group>"; };
		D6988A0B1883182100DEC402 /* library_background.png */ = {isa = PBXFileReference; lastKnownFileType = image.png; path = library_background.png; sourceTree = "<group>"; };
		D6988A0C1883182100DEC402 /* title_background.png */ = {isa = PBXFileReference; lastKnownFileType = image.png; path = title_background.png; sourceTree = "<group>"; };
		D6988A0D1883182100DEC402 /* index.html */ = {isa = PBXFileReference; fileEncoding = 4; lastKnownFileType = text.html.documentation; path = index.html; sourceTree = "<group>"; };
		D6988A0F1883182100DEC402 /* OCAEditableCollectionViewDataSource.html */ = {isa = PBXFileReference; fileEncoding = 4; lastKnownFileType = text.html.documentation; path = OCAEditableCollectionViewDataSource.html; sourceTree = "<group>"; };
		D6988A101883182100DEC402 /* OCAEditableCollectionViewDelegateFlowLayout.html */ = {isa = PBXFileReference; fileEncoding = 4; lastKnownFileType = text.html.documentation; path = OCAEditableCollectionViewDelegateFlowLayout.html; sourceTree = "<group>"; };
		D6C22C171881C15B008014C7 /* Readme.markdown */ = {isa = PBXFileReference; fileEncoding = 4; lastKnownFileType = text; path = Readme.markdown; sourceTree = "<group>"; };
		D6C7AA17186F5DC500C72A52 /* libOCAEditableCollectionViewFlowLayout.a */ = {isa = PBXFileReference; explicitFileType = archive.ar; includeInIndex = 0; path = libOCAEditableCollectionViewFlowLayout.a; sourceTree = BUILT_PRODUCTS_DIR; };
		D6C7AA1A186F5DC500C72A52 /* Foundation.framework */ = {isa = PBXFileReference; lastKnownFileType = wrapper.framework; name = Foundation.framework; path = System/Library/Frameworks/Foundation.framework; sourceTree = SDKROOT; };
		D6C7AA1E186F5DC500C72A52 /* OCAEditableCollectionViewFlowLayout-Prefix.pch */ = {isa = PBXFileReference; lastKnownFileType = sourcecode.c.h; path = "OCAEditableCollectionViewFlowLayout-Prefix.pch"; sourceTree = "<group>"; };
		D6C7AA27186F5DC500C72A52 /* OCAEditableCollectionViewFlowLayoutTests.xctest */ = {isa = PBXFileReference; explicitFileType = wrapper.cfbundle; includeInIndex = 0; path = OCAEditableCollectionViewFlowLayoutTests.xctest; sourceTree = BUILT_PRODUCTS_DIR; };
		D6C7AA28186F5DC500C72A52 /* XCTest.framework */ = {isa = PBXFileReference; lastKnownFileType = wrapper.framework; name = XCTest.framework; path = Library/Frameworks/XCTest.framework; sourceTree = DEVELOPER_DIR; };
		D6C7AA2B186F5DC500C72A52 /* UIKit.framework */ = {isa = PBXFileReference; lastKnownFileType = wrapper.framework; name = UIKit.framework; path = Library/Frameworks/UIKit.framework; sourceTree = DEVELOPER_DIR; };
		D6C7AA32186F5DC500C72A52 /* OCAEditableCollectionViewFlowLayoutTests-Info.plist */ = {isa = PBXFileReference; lastKnownFileType = text.plist.xml; path = "OCAEditableCollectionViewFlowLayoutTests-Info.plist"; sourceTree = "<group>"; };
		D6C7AA34186F5DC500C72A52 /* en */ = {isa = PBXFileReference; lastKnownFileType = text.plist.strings; name = en; path = en.lproj/InfoPlist.strings; sourceTree = "<group>"; };
		D6C7AA36186F5DC500C72A52 /* OCAEditableCollectionViewFlowLayoutTests.m */ = {isa = PBXFileReference; lastKnownFileType = sourcecode.c.objc; path = OCAEditableCollectionViewFlowLayoutTests.m; sourceTree = "<group>"; };
		D6C7AA48187096F200C72A52 /* OCACollectionViewFlowLayoutCell.h */ = {isa = PBXFileReference; fileEncoding = 4; lastKnownFileType = sourcecode.c.h; path = OCACollectionViewFlowLayoutCell.h; sourceTree = "<group>"; };
		D6C7AA49187096F200C72A52 /* OCACollectionViewFlowLayoutCell.m */ = {isa = PBXFileReference; fileEncoding = 4; lastKnownFileType = sourcecode.c.objc; path = OCACollectionViewFlowLayoutCell.m; sourceTree = "<group>"; };
		D6C7AA4A187096F200C72A52 /* OCAEditableCollectionViewFlowLayout.h */ = {isa = PBXFileReference; fileEncoding = 4; lastKnownFileType = sourcecode.c.h; path = OCAEditableCollectionViewFlowLayout.h; sourceTree = "<group>"; };
		D6C7AA4B187096F200C72A52 /* OCAEditableCollectionViewFlowLayout.m */ = {isa = PBXFileReference; fileEncoding = 4; lastKnownFileType = sourcecode.c.objc; path = OCAEditableCollectionViewFlowLayout.m; sourceTree = "<group>"; };
		D6C7AA4C187096F200C72A52 /* OCAEditableLayoutAttributes.h */ = {isa = PBXFileReference; fileEncoding = 4; lastKnownFileType = sourcecode.c.h; path = OCAEditableLayoutAttributes.h; sourceTree = "<group>"; };
		D6C7AA4D187096F200C72A52 /* OCAEditableLayoutAttributes.m */ = {isa = PBXFileReference; fileEncoding = 4; lastKnownFileType = sourcecode.c.objc; path = OCAEditableLayoutAttributes.m; sourceTree = "<group>"; };
		D6C7AA571870971800C72A52 /* OCADebug.h */ = {isa = PBXFileReference; fileEncoding = 4; lastKnownFileType = sourcecode.c.h; path = OCADebug.h; sourceTree = "<group>"; };
/* End PBXFileReference section */

/* Begin PBXFrameworksBuildPhase section */
		D6C7AA14186F5DC500C72A52 /* Frameworks */ = {
			isa = PBXFrameworksBuildPhase;
			buildActionMask = 2147483647;
			files = (
				D6C7AA1B186F5DC500C72A52 /* Foundation.framework in Frameworks */,
			);
			runOnlyForDeploymentPostprocessing = 0;
		};
		D6C7AA24186F5DC500C72A52 /* Frameworks */ = {
			isa = PBXFrameworksBuildPhase;
			buildActionMask = 2147483647;
			files = (
				D6C7AA2F186F5DC500C72A52 /* libOCAEditableCollectionViewFlowLayout.a in Frameworks */,
				D6C7AA29186F5DC500C72A52 /* XCTest.framework in Frameworks */,
				D6C7AA2C186F5DC500C72A52 /* UIKit.framework in Frameworks */,
				D6C7AA2A186F5DC500C72A52 /* Foundation.framework in Frameworks */,
			);
			runOnlyForDeploymentPostprocessing = 0;
		};
/* End PBXFrameworksBuildPhase section */

/* Begin PBXGroup section */
		D69889FD1883182100DEC402 /* Documentation */ = {
			isa = PBXGroup;
			children = (
				D69889FE1883182100DEC402 /* html */,
			);
			path = Documentation;
			sourceTree = "<group>";
		};
		D69889FE1883182100DEC402 /* html */ = {
			isa = PBXGroup;
			children = (
				D69889FF1883182100DEC402 /* Classes */,
				D6988A031883182100DEC402 /* css */,
				D6988A061883182100DEC402 /* hierarchy.html */,
				D6988A071883182100DEC402 /* img */,
				D6988A0D1883182100DEC402 /* index.html */,
				D6988A0E1883182100DEC402 /* Protocols */,
			);
			path = html;
			sourceTree = "<group>";
		};
		D69889FF1883182100DEC402 /* Classes */ = {
			isa = PBXGroup;
			children = (
				D6988A001883182100DEC402 /* OCACollectionViewFlowLayoutCell.html */,
				D6988A011883182100DEC402 /* OCAEditableCollectionViewFlowLayout.html */,
				D6988A021883182100DEC402 /* OCAEditableLayoutAttributes.html */,
			);
			path = Classes;
			sourceTree = "<group>";
		};
		D6988A031883182100DEC402 /* css */ = {
			isa = PBXGroup;
			children = (
				D6988A041883182100DEC402 /* styles.css */,
				D6988A051883182100DEC402 /* stylesPrint.css */,
			);
			path = css;
			sourceTree = "<group>";
		};
		D6988A071883182100DEC402 /* img */ = {
			isa = PBXGroup;
			children = (
				D6988A081883182100DEC402 /* button_bar_background.png */,
				D6988A091883182100DEC402 /* disclosure.png */,
				D6988A0A1883182100DEC402 /* disclosure_open.png */,
				D6988A0B1883182100DEC402 /* library_background.png */,
				D6988A0C1883182100DEC402 /* title_background.png */,
			);
			path = img;
			sourceTree = "<group>";
		};
		D6988A0E1883182100DEC402 /* Protocols */ = {
			isa = PBXGroup;
			children = (
				D6988A0F1883182100DEC402 /* OCAEditableCollectionViewDataSource.html */,
				D6988A101883182100DEC402 /* OCAEditableCollectionViewDelegateFlowLayout.html */,
			);
			path = Protocols;
			sourceTree = "<group>";
		};
		D6C7AA0E186F5DC500C72A52 = {
			isa = PBXGroup;
			children = (
				D6C22C171881C15B008014C7 /* Readme.markdown */,
				D69889FD1883182100DEC402 /* Documentation */,
				D6C7AA1C186F5DC500C72A52 /* OCAEditableCollectionViewFlowLayout */,
				D6C7AA30186F5DC500C72A52 /* OCAEditableCollectionViewFlowLayoutTests */,
				D6C7AA19186F5DC500C72A52 /* Frameworks */,
				D6C7AA18186F5DC500C72A52 /* Products */,
			);
			sourceTree = "<group>";
		};
		D6C7AA18186F5DC500C72A52 /* Products */ = {
			isa = PBXGroup;
			children = (
				D6C7AA17186F5DC500C72A52 /* libOCAEditableCollectionViewFlowLayout.a */,
				D6C7AA27186F5DC500C72A52 /* OCAEditableCollectionViewFlowLayoutTests.xctest */,
			);
			name = Products;
			sourceTree = "<group>";
		};
		D6C7AA19186F5DC500C72A52 /* Frameworks */ = {
			isa = PBXGroup;
			children = (
				D6C7AA1A186F5DC500C72A52 /* Foundation.framework */,
				D6C7AA28186F5DC500C72A52 /* XCTest.framework */,
				D6C7AA2B186F5DC500C72A52 /* UIKit.framework */,
			);
			name = Frameworks;
			sourceTree = "<group>";
		};
		D6C7AA1C186F5DC500C72A52 /* OCAEditableCollectionViewFlowLayout */ = {
			isa = PBXGroup;
			children = (
				D6C7AA48187096F200C72A52 /* OCACollectionViewFlowLayoutCell.h */,
				D6C7AA49187096F200C72A52 /* OCACollectionViewFlowLayoutCell.m */,
				D6C7AA4A187096F200C72A52 /* OCAEditableCollectionViewFlowLayout.h */,
				D6C7AA4B187096F200C72A52 /* OCAEditableCollectionViewFlowLayout.m */,
				D6C7AA4C187096F200C72A52 /* OCAEditableLayoutAttributes.h */,
				D6C7AA4D187096F200C72A52 /* OCAEditableLayoutAttributes.m */,
				D6C7AA1D186F5DC500C72A52 /* Supporting Files */,
			);
			path = OCAEditableCollectionViewFlowLayout;
			sourceTree = "<group>";
		};
		D6C7AA1D186F5DC500C72A52 /* Supporting Files */ = {
			isa = PBXGroup;
			children = (
				D6C7AA571870971800C72A52 /* OCADebug.h */,
				D6C7AA1E186F5DC500C72A52 /* OCAEditableCollectionViewFlowLayout-Prefix.pch */,
			);
			name = "Supporting Files";
			sourceTree = "<group>";
		};
		D6C7AA30186F5DC500C72A52 /* OCAEditableCollectionViewFlowLayoutTests */ = {
			isa = PBXGroup;
			children = (
				D6C7AA36186F5DC500C72A52 /* OCAEditableCollectionViewFlowLayoutTests.m */,
				D6C7AA31186F5DC500C72A52 /* Supporting Files */,
			);
			path = OCAEditableCollectionViewFlowLayoutTests;
			sourceTree = "<group>";
		};
		D6C7AA31186F5DC500C72A52 /* Supporting Files */ = {
			isa = PBXGroup;
			children = (
				D6C7AA32186F5DC500C72A52 /* OCAEditableCollectionViewFlowLayoutTests-Info.plist */,
				D6C7AA33186F5DC500C72A52 /* InfoPlist.strings */,
			);
			name = "Supporting Files";
			sourceTree = "<group>";
		};
/* End PBXGroup section */

/* Begin PBXHeadersBuildPhase section */
		D6C7AA451870957E00C72A52 /* Headers */ = {
			isa = PBXHeadersBuildPhase;
			buildActionMask = 2147483647;
			files = (
				D6C7AA51187096F200C72A52 /* OCAEditableCollectionViewFlowLayout.h in Headers */,
				D6C7AA4E187096F200C72A52 /* OCACollectionViewFlowLayoutCell.h in Headers */,
				D6C7AA591870971800C72A52 /* OCADebug.h in Headers */,
				D6C7AA54187096F200C72A52 /* OCAEditableLayoutAttributes.h in Headers */,
			);
			runOnlyForDeploymentPostprocessing = 0;
		};
/* End PBXHeadersBuildPhase section */

/* Begin PBXNativeTarget section */
		D6C7AA16186F5DC500C72A52 /* OCAEditableCollectionViewFlowLayout */ = {
			isa = PBXNativeTarget;
			buildConfigurationList = D6C7AA3A186F5DC500C72A52 /* Build configuration list for PBXNativeTarget "OCAEditableCollectionViewFlowLayout" */;
			buildPhases = (
				D6C7AA13186F5DC500C72A52 /* Sources */,
				D6C7AA14186F5DC500C72A52 /* Frameworks */,
				D6C7AA451870957E00C72A52 /* Headers */,
			);
			buildRules = (
			);
			dependencies = (
			);
			name = OCAEditableCollectionViewFlowLayout;
			productName = OCAEditableCollectionViewFlowLayout;
			productReference = D6C7AA17186F5DC500C72A52 /* libOCAEditableCollectionViewFlowLayout.a */;
			productType = "com.apple.product-type.library.static";
		};
		D6C7AA26186F5DC500C72A52 /* OCAEditableCollectionViewFlowLayoutTests */ = {
			isa = PBXNativeTarget;
			buildConfigurationList = D6C7AA3D186F5DC500C72A52 /* Build configuration list for PBXNativeTarget "OCAEditableCollectionViewFlowLayoutTests" */;
			buildPhases = (
				D6C7AA23186F5DC500C72A52 /* Sources */,
				D6C7AA24186F5DC500C72A52 /* Frameworks */,
				D6C7AA25186F5DC500C72A52 /* Resources */,
			);
			buildRules = (
			);
			dependencies = (
				D6C7AA2E186F5DC500C72A52 /* PBXTargetDependency */,
			);
			name = OCAEditableCollectionViewFlowLayoutTests;
			productName = OCAEditableCollectionViewFlowLayoutTests;
			productReference = D6C7AA27186F5DC500C72A52 /* OCAEditableCollectionViewFlowLayoutTests.xctest */;
			productType = "com.apple.product-type.bundle.unit-test";
		};
/* End PBXNativeTarget section */

/* Begin PBXProject section */
		D6C7AA0F186F5DC500C72A52 /* Project object */ = {
			isa = PBXProject;
			attributes = {
				LastUpgradeCheck = 0500;
				ORGANIZATIONNAME = "O'Mara Consulting Associates";
			};
			buildConfigurationList = D6C7AA12186F5DC500C72A52 /* Build configuration list for PBXProject "OCAEditableCollectionViewFlowLayout" */;
			compatibilityVersion = "Xcode 3.2";
			developmentRegion = English;
			hasScannedForEncodings = 0;
			knownRegions = (
				en,
			);
			mainGroup = D6C7AA0E186F5DC500C72A52;
			productRefGroup = D6C7AA18186F5DC500C72A52 /* Products */;
			projectDirPath = "";
			projectRoot = "";
			targets = (
				D6C7AA16186F5DC500C72A52 /* OCAEditableCollectionViewFlowLayout */,
				D6C7AA26186F5DC500C72A52 /* OCAEditableCollectionViewFlowLayoutTests */,
				D6C22C11187F9FDC008014C7 /* GenDocumentation */,
			);
		};
/* End PBXProject section */

/* Begin PBXResourcesBuildPhase section */
		D6C7AA25186F5DC500C72A52 /* Resources */ = {
			isa = PBXResourcesBuildPhase;
			buildActionMask = 2147483647;
			files = (
				D6C7AA35186F5DC500C72A52 /* InfoPlist.strings in Resources */,
			);
			runOnlyForDeploymentPostprocessing = 0;
		};
/* End PBXResourcesBuildPhase section */

/* Begin PBXShellScriptBuildPhase section */
		D6C22C15187F9FEA008014C7 /* ShellScript */ = {
			isa = PBXShellScriptBuildPhase;
			buildActionMask = 2147483647;
			files = (
			);
			inputPaths = (
			);
			outputPaths = (
			);
			runOnlyForDeploymentPostprocessing = 0;
			shellPath = /bin/sh;
			shellScript = "#appledoc Xcode script\n# Start constants\ncompany=\"OMaraConsultingAssociates\";\ncompanyID=\"com.omaraconsultingassoc\";\ncompanyURL=\"http://omaraconsultingassoc.com\";\ntarget=\"iphoneos\";\n#target=\"macosx\";\noutputPath=\"/tmp/appledoc\";\n# End constants\n/usr/local/bin/appledoc \\\n--project-name \"${PROJECT_NAME}\" \\\n--project-company \"${company}\" \\\n--company-id \"${companyID}\" \\\n--docset-atom-filename \"${company}.atom\" \\\n--docset-feed-url \"${companyURL}/${company}/%DOCSETATOMFILENAME\" \\\n--docset-package-url \"${companyURL}/${company}/%DOCSETPACKAGEFILENAME\" \\\n--docset-fallback-url \"${companyURL}/${company}\" \\\n--output \"${outputPath}\" \\\n--publish-docset \\\n--docset-platform-family \"${target}\" \\\n--logformat xcode \\\n--keep-intermediate-files \\\n--no-repeat-first-par \\\n--no-warn-invalid-crossref \\\n--ignore \"*.m\" \\\n--exit-threshold 2 \\\n--index-desc \"${PROJECT_DIR}/Readme.markdown\" \\\n\"${PROJECT_DIR}\"\necho \"Build successful, copying to project folder \"\necho ${PROJECT_DIR}/Documentation\nrsync -rv ${outputPath}/html ${PROJECT_DIR}/Documentation\n";
		};
/* End PBXShellScriptBuildPhase section */

/* Begin PBXSourcesBuildPhase section */
		D6C7AA13186F5DC500C72A52 /* Sources */ = {
			isa = PBXSourcesBuildPhase;
			buildActionMask = 2147483647;
			files = (
				D6C7AA52187096F200C72A52 /* OCAEditableCollectionViewFlowLayout.m in Sources */,
				D6C7AA55187096F200C72A52 /* OCAEditableLayoutAttributes.m in Sources */,
				D6C7AA4F187096F200C72A52 /* OCACollectionViewFlowLayoutCell.m in Sources */,
			);
			runOnlyForDeploymentPostprocessing = 0;
		};
		D6C7AA23186F5DC500C72A52 /* Sources */ = {
			isa = PBXSourcesBuildPhase;
			buildActionMask = 2147483647;
			files = (
				D6C7AA50187096F200C72A52 /* OCACollectionViewFlowLayoutCell.m in Sources */,
				D6C7AA53187096F200C72A52 /* OCAEditableCollectionViewFlowLayout.m in Sources */,
				D6C7AA56187096F200C72A52 /* OCAEditableLayoutAttributes.m in Sources */,
				D6C7AA37186F5DC500C72A52 /* OCAEditableCollectionViewFlowLayoutTests.m in Sources */,
			);
			runOnlyForDeploymentPostprocessing = 0;
		};
/* End PBXSourcesBuildPhase section */

/* Begin PBXTargetDependency section */
		D6C7AA2E186F5DC500C72A52 /* PBXTargetDependency */ = {
			isa = PBXTargetDependency;
			target = D6C7AA16186F5DC500C72A52 /* OCAEditableCollectionViewFlowLayout */;
			targetProxy = D6C7AA2D186F5DC500C72A52 /* PBXContainerItemProxy */;
		};
/* End PBXTargetDependency section */

/* Begin PBXVariantGroup section */
		D6C7AA33186F5DC500C72A52 /* InfoPlist.strings */ = {
			isa = PBXVariantGroup;
			children = (
				D6C7AA34186F5DC500C72A52 /* en */,
			);
			name = InfoPlist.strings;
			sourceTree = "<group>";
		};
/* End PBXVariantGroup section */

/* Begin XCBuildConfiguration section */
		D6C22C12187F9FDC008014C7 /* Debug */ = {
			isa = XCBuildConfiguration;
			buildSettings = {
				PRODUCT_NAME = "$(TARGET_NAME)";
			};
			name = Debug;
		};
		D6C22C13187F9FDC008014C7 /* Release */ = {
			isa = XCBuildConfiguration;
			buildSettings = {
				PRODUCT_NAME = "$(TARGET_NAME)";
			};
			name = Release;
		};
		D6C7AA38186F5DC500C72A52 /* Debug */ = {
			isa = XCBuildConfiguration;
			buildSettings = {
				ALWAYS_SEARCH_USER_PATHS = NO;
				ARCHS = "$(ARCHS_STANDARD_INCLUDING_64_BIT)";
				CLANG_CXX_LANGUAGE_STANDARD = "gnu++0x";
				CLANG_CXX_LIBRARY = "libc++";
				CLANG_ENABLE_MODULES = YES;
				CLANG_ENABLE_OBJC_ARC = YES;
				CLANG_WARN_BOOL_CONVERSION = YES;
				CLANG_WARN_CONSTANT_CONVERSION = YES;
				CLANG_WARN_DIRECT_OBJC_ISA_USAGE = YES_ERROR;
				CLANG_WARN_EMPTY_BODY = YES;
				CLANG_WARN_ENUM_CONVERSION = YES;
				CLANG_WARN_INT_CONVERSION = YES;
				CLANG_WARN_OBJC_ROOT_CLASS = YES_ERROR;
				CLANG_WARN__DUPLICATE_METHOD_MATCH = YES;
				COPY_PHASE_STRIP = NO;
				GCC_C_LANGUAGE_STANDARD = gnu99;
				GCC_DYNAMIC_NO_PIC = NO;
				GCC_OPTIMIZATION_LEVEL = 0;
				GCC_PREPROCESSOR_DEFINITIONS = (
					"DEBUG=1",
					"$(inherited)",
				);
				GCC_SYMBOLS_PRIVATE_EXTERN = NO;
				GCC_WARN_64_TO_32_BIT_CONVERSION = YES;
				GCC_WARN_ABOUT_RETURN_TYPE = YES_ERROR;
				GCC_WARN_UNDECLARED_SELECTOR = YES;
				GCC_WARN_UNINITIALIZED_AUTOS = YES;
				GCC_WARN_UNUSED_FUNCTION = YES;
				GCC_WARN_UNUSED_VARIABLE = YES;
				IPHONEOS_DEPLOYMENT_TARGET = 7.0;
				ONLY_ACTIVE_ARCH = YES;
				PUBLIC_HEADERS_FOLDER_PATH = "include/$(TARGET_NAME)";
				SDKROOT = iphoneos;
			};
			name = Debug;
		};
		D6C7AA39186F5DC500C72A52 /* Release */ = {
			isa = XCBuildConfiguration;
			buildSettings = {
				ALWAYS_SEARCH_USER_PATHS = NO;
				ARCHS = "$(ARCHS_STANDARD_INCLUDING_64_BIT)";
				CLANG_CXX_LANGUAGE_STANDARD = "gnu++0x";
				CLANG_CXX_LIBRARY = "libc++";
				CLANG_ENABLE_MODULES = YES;
				CLANG_ENABLE_OBJC_ARC = YES;
				CLANG_WARN_BOOL_CONVERSION = YES;
				CLANG_WARN_CONSTANT_CONVERSION = YES;
				CLANG_WARN_DIRECT_OBJC_ISA_USAGE = YES_ERROR;
				CLANG_WARN_EMPTY_BODY = YES;
				CLANG_WARN_ENUM_CONVERSION = YES;
				CLANG_WARN_INT_CONVERSION = YES;
				CLANG_WARN_OBJC_ROOT_CLASS = YES_ERROR;
				CLANG_WARN__DUPLICATE_METHOD_MATCH = YES;
				COPY_PHASE_STRIP = YES;
				ENABLE_NS_ASSERTIONS = NO;
				GCC_C_LANGUAGE_STANDARD = gnu99;
				GCC_WARN_64_TO_32_BIT_CONVERSION = YES;
				GCC_WARN_ABOUT_RETURN_TYPE = YES_ERROR;
				GCC_WARN_UNDECLARED_SELECTOR = YES;
				GCC_WARN_UNINITIALIZED_AUTOS = YES;
				GCC_WARN_UNUSED_FUNCTION = YES;
				GCC_WARN_UNUSED_VARIABLE = YES;
				IPHONEOS_DEPLOYMENT_TARGET = 7.0;
				PUBLIC_HEADERS_FOLDER_PATH = "include/$(TARGET_NAME)";
				SDKROOT = iphoneos;
				VALIDATE_PRODUCT = YES;
			};
			name = Release;
		};
		D6C7AA3B186F5DC500C72A52 /* Debug */ = {
			isa = XCBuildConfiguration;
			buildSettings = {
				DSTROOT = /tmp/OCAEditableCollectionViewFlowLayout.dst;
				GCC_PRECOMPILE_PREFIX_HEADER = YES;
				GCC_PREFIX_HEADER = "OCAEditableCollectionViewFlowLayout/OCAEditableCollectionViewFlowLayout-Prefix.pch";
				OTHER_LDFLAGS = "-ObjC";
				PRODUCT_NAME = "$(TARGET_NAME)";
				PUBLIC_HEADERS_FOLDER_PATH = "include/$(TARGET_NAME)";
				SKIP_INSTALL = YES;
			};
			name = Debug;
		};
		D6C7AA3C186F5DC500C72A52 /* Release */ = {
			isa = XCBuildConfiguration;
			buildSettings = {
				DSTROOT = /tmp/OCAEditableCollectionViewFlowLayout.dst;
				GCC_PRECOMPILE_PREFIX_HEADER = YES;
				GCC_PREFIX_HEADER = "OCAEditableCollectionViewFlowLayout/OCAEditableCollectionViewFlowLayout-Prefix.pch";
				OTHER_LDFLAGS = "-ObjC";
				PRODUCT_NAME = "$(TARGET_NAME)";
				PUBLIC_HEADERS_FOLDER_PATH = "include/$(TARGET_NAME)";
				SKIP_INSTALL = YES;
			};
			name = Release;
		};
		D6C7AA3E186F5DC500C72A52 /* Debug */ = {
			isa = XCBuildConfiguration;
			buildSettings = {
				ARCHS = "$(ARCHS_STANDARD_INCLUDING_64_BIT)";
				FRAMEWORK_SEARCH_PATHS = (
					"$(SDKROOT)/Developer/Library/Frameworks",
					"$(inherited)",
					"$(DEVELOPER_FRAMEWORKS_DIR)",
				);
				GCC_PRECOMPILE_PREFIX_HEADER = YES;
				GCC_PREFIX_HEADER = "OCAEditableCollectionViewFlowLayout/OCAEditableCollectionViewFlowLayout-Prefix.pch";
				GCC_PREPROCESSOR_DEFINITIONS = (
					"DEBUG=1",
					"$(inherited)",
				);
				INFOPLIST_FILE = "OCAEditableCollectionViewFlowLayoutTests/OCAEditableCollectionViewFlowLayoutTests-Info.plist";
				PRODUCT_NAME = "$(TARGET_NAME)";
				WRAPPER_EXTENSION = xctest;
			};
			name = Debug;
		};
		D6C7AA3F186F5DC500C72A52 /* Release */ = {
			isa = XCBuildConfiguration;
			buildSettings = {
				ARCHS = "$(ARCHS_STANDARD_INCLUDING_64_BIT)";
				FRAMEWORK_SEARCH_PATHS = (
					"$(SDKROOT)/Developer/Library/Frameworks",
					"$(inherited)",
					"$(DEVELOPER_FRAMEWORKS_DIR)",
				);
				GCC_PRECOMPILE_PREFIX_HEADER = YES;
				GCC_PREFIX_HEADER = "OCAEditableCollectionViewFlowLayout/OCAEditableCollectionViewFlowLayout-Prefix.pch";
				INFOPLIST_FILE = "OCAEditableCollectionViewFlowLayoutTests/OCAEditableCollectionViewFlowLayoutTests-Info.plist";
				PRODUCT_NAME = "$(TARGET_NAME)";
				WRAPPER_EXTENSION = xctest;
			};
			name = Release;
		};
/* End XCBuildConfiguration section */

/* Begin XCConfigurationList section */
		D6C22C14187F9FDC008014C7 /* Build configuration list for PBXAggregateTarget "GenDocumentation" */ = {
			isa = XCConfigurationList;
			buildConfigurations = (
				D6C22C12187F9FDC008014C7 /* Debug */,
				D6C22C13187F9FDC008014C7 /* Release */,
			);
			defaultConfigurationIsVisible = 0;
			defaultConfigurationName = Release;
		};
		D6C7AA12186F5DC500C72A52 /* Build configuration list for PBXProject "OCAEditableCollectionViewFlowLayout" */ = {
			isa = XCConfigurationList;
			buildConfigurations = (
				D6C7AA38186F5DC500C72A52 /* Debug */,
				D6C7AA39186F5DC500C72A52 /* Release */,
			);
			defaultConfigurationIsVisible = 0;
			defaultConfigurationName = Release;
		};
		D6C7AA3A186F5DC500C72A52 /* Build configuration list for PBXNativeTarget "OCAEditableCollectionViewFlowLayout" */ = {
			isa = XCConfigurationList;
			buildConfigurations = (
				D6C7AA3B186F5DC500C72A52 /* Debug */,
				D6C7AA3C186F5DC500C72A52 /* Release */,
			);
			defaultConfigurationIsVisible = 0;
			defaultConfigurationName = Release;
		};
		D6C7AA3D186F5DC500C72A52 /* Build configuration list for PBXNativeTarget "OCAEditableCollectionViewFlowLayoutTests" */ = {
			isa = XCConfigurationList;
			buildConfigurations = (
				D6C7AA3E186F5DC500C72A52 /* Debug */,
				D6C7AA3F186F5DC500C72A52 /* Release */,
			);
			defaultConfigurationIsVisible = 0;
			defaultConfigurationName = Release;
		};
/* End XCConfigurationList section */
	};
	rootObject = D6C7AA0F186F5DC500C72A52 /* Project object */;
}
